<?xml version="1.0" encoding="UTF-8"?>
<Project ToolsVersion="4.0" xmlns="http://schemas.microsoft.com/developer/msbuild/2003">
  <ItemGroup>
    <CustomBuild Include="..\CMakeLists.txt" />
    <CustomBuild Include="CMakeFiles\1810bb5c8437737b98f25deaecc48a8e\install_RasterClass.rule">
      <Filter>CMake Rules</Filter>
    </CustomBuild>
  </ItemGroup>
  <ItemGroup>
    <None Include="CMakeFiles\install_RasterClass" />
  </ItemGroup>
  <ItemGroup>
    <Filter Include="CMake Rules">
      <UniqueIdentifier>{83C46B2A-D482-37FF-AAB3-65184A8395D0}</UniqueIdentifier>
    </Filter>
  </ItemGroup>
</Project>
