Microsoft Visual Studio Solution File, Format Version 11.00
# Visual Studio 2010
Project("{8BC9CEB8-8B4A-11D0-8D11-00A0C91BC942}") = "ALL_BUILD", "ALL_BUILD.vcxproj", "{E41D7CEC-E39B-355B-AB37-8707932CD350}"
	ProjectSection(ProjectDependencies) = postProject
		{2BFC3DAE-CC04-38C0-8F86-410DD4999413} = {2BFC3DAE-CC04-38C0-8F86-410DD4999413}
		{E870CCDB-6BE2-3C3B-B439-C7AD8BC1C971} = {E870CCDB-6BE2-3C3B-B439-C7AD8BC1C971}
	EndProjectSection
EndProject
Project("{8BC9CEB8-8B4A-11D0-8D11-00A0C91BC942}") = "INSTALL", "INSTALL.vcxproj", "{9291A8B6-64D1-3372-8869-CBF22DB194E1}"
	ProjectSection(ProjectDependencies) = postProject
		{E41D7CEC-E39B-355B-AB37-8707932CD350} = {E41D7CEC-E39B-355B-AB37-8707932CD350}
		{E870CCDB-6BE2-3C3B-B439-C7AD8BC1C971} = {E870CCDB-6BE2-3C3B-B439-C7AD8BC1C971}
	EndProjectSection
EndProject
Project("{8BC9CEB8-8B4A-11D0-8D11-00A0C91BC942}") = "RasterClass", "RasterClass.vcxproj", "{2BFC3DAE-CC04-38C0-8F86-410DD4999413}"
	ProjectSection(ProjectDependencies) = postProject
		{E870CCDB-6BE2-3C3B-B439-C7AD8BC1C971} = {E870CCDB-6BE2-3C3B-B439-C7AD8BC1C971}
	EndProjectSection
EndProject
Project("{8BC9CEB8-8B4A-11D0-8D11-00A0C91BC942}") = "ZERO_CHECK", "ZERO_CHECK.vcxproj", "{E870CCDB-6BE2-3C3B-B439-C7AD8BC1C971}"
	ProjectSection(ProjectDependencies) = postProject
	EndProjectSection
EndProject
Project("{8BC9CEB8-8B4A-11D0-8D11-00A0C91BC942}") = "install_RasterClass", "install_RasterClass.vcxproj", "{DE2C464E-4E13-3BBA-93BF-F0A1A7F21C87}"
	ProjectSection(ProjectDependencies) = postProject
		{2BFC3DAE-CC04-38C0-8F86-410DD4999413} = {2BFC3DAE-CC04-38C0-8F86-410DD4999413}
		{E870CCDB-6BE2-3C3B-B439-C7AD8BC1C971} = {E870CCDB-6BE2-3C3B-B439-C7AD8BC1C971}
	EndProjectSection
EndProject
Global
	GlobalSection(SolutionConfigurationPlatforms) = preSolution
		Debug|Win32 = Debug|Win32
		Release|Win32 = Release|Win32
		MinSizeRel|Win32 = MinSizeRel|Win32
		RelWithDebInfo|Win32 = RelWithDebInfo|Win32
	EndGlobalSection
	GlobalSection(ProjectConfigurationPlatforms) = postSolution
		{E41D7CEC-E39B-355B-AB37-8707932CD350}.Debug|Win32.ActiveCfg = Debug|Win32
		{E41D7CEC-E39B-355B-AB37-8707932CD350}.Debug|Win32.Build.0 = Debug|Win32
		{E41D7CEC-E39B-355B-AB37-8707932CD350}.Release|Win32.ActiveCfg = Release|Win32
		{E41D7CEC-E39B-355B-AB37-8707932CD350}.Release|Win32.Build.0 = Release|Win32
		{E41D7CEC-E39B-355B-AB37-8707932CD350}.MinSizeRel|Win32.ActiveCfg = MinSizeRel|Win32
		{E41D7CEC-E39B-355B-AB37-8707932CD350}.MinSizeRel|Win32.Build.0 = MinSizeRel|Win32
		{E41D7CEC-E39B-355B-AB37-8707932CD350}.RelWithDebInfo|Win32.ActiveCfg = RelWithDebInfo|Win32
		{E41D7CEC-E39B-355B-AB37-8707932CD350}.RelWithDebInfo|Win32.Build.0 = RelWithDebInfo|Win32
		{9291A8B6-64D1-3372-8869-CBF22DB194E1}.Debug|Win32.ActiveCfg = Debug|Win32
		{9291A8B6-64D1-3372-8869-CBF22DB194E1}.Release|Win32.ActiveCfg = Release|Win32
		{9291A8B6-64D1-3372-8869-CBF22DB194E1}.MinSizeRel|Win32.ActiveCfg = MinSizeRel|Win32
		{9291A8B6-64D1-3372-8869-CBF22DB194E1}.RelWithDebInfo|Win32.ActiveCfg = RelWithDebInfo|Win32
		{2BFC3DAE-CC04-38C0-8F86-410DD4999413}.Debug|Win32.ActiveCfg = Debug|Win32
		{2BFC3DAE-CC04-38C0-8F86-410DD4999413}.Debug|Win32.Build.0 = Debug|Win32
		{2BFC3DAE-CC04-38C0-8F86-410DD4999413}.Release|Win32.ActiveCfg = Release|Win32
		{2BFC3DAE-CC04-38C0-8F86-410DD4999413}.Release|Win32.Build.0 = Release|Win32
		{2BFC3DAE-CC04-38C0-8F86-410DD4999413}.MinSizeRel|Win32.ActiveCfg = MinSizeRel|Win32
		{2BFC3DAE-CC04-38C0-8F86-410DD4999413}.MinSizeRel|Win32.Build.0 = MinSizeRel|Win32
		{2BFC3DAE-CC04-38C0-8F86-410DD4999413}.RelWithDebInfo|Win32.ActiveCfg = RelWithDebInfo|Win32
		{2BFC3DAE-CC04-38C0-8F86-410DD4999413}.RelWithDebInfo|Win32.Build.0 = RelWithDebInfo|Win32
		{E870CCDB-6BE2-3C3B-B439-C7AD8BC1C971}.Debug|Win32.ActiveCfg = Debug|Win32
		{E870CCDB-6BE2-3C3B-B439-C7AD8BC1C971}.Debug|Win32.Build.0 = Debug|Win32
		{E870CCDB-6BE2-3C3B-B439-C7AD8BC1C971}.Release|Win32.ActiveCfg = Release|Win32
		{E870CCDB-6BE2-3C3B-B439-C7AD8BC1C971}.Release|Win32.Build.0 = Release|Win32
		{E870CCDB-6BE2-3C3B-B439-C7AD8BC1C971}.MinSizeRel|Win32.ActiveCfg = MinSizeRel|Win32
		{E870CCDB-6BE2-3C3B-B439-C7AD8BC1C971}.MinSizeRel|Win32.Build.0 = MinSizeRel|Win32
		{E870CCDB-6BE2-3C3B-B439-C7AD8BC1C971}.RelWithDebInfo|Win32.ActiveCfg = RelWithDebInfo|Win32
		{E870CCDB-6BE2-3C3B-B439-C7AD8BC1C971}.RelWithDebInfo|Win32.Build.0 = RelWithDebInfo|Win32
		{DE2C464E-4E13-3BBA-93BF-F0A1A7F21C87}.Debug|Win32.ActiveCfg = Debug|Win32
		{DE2C464E-4E13-3BBA-93BF-F0A1A7F21C87}.Release|Win32.ActiveCfg = Release|Win32
		{DE2C464E-4E13-3BBA-93BF-F0A1A7F21C87}.MinSizeRel|Win32.ActiveCfg = MinSizeRel|Win32
		{DE2C464E-4E13-3BBA-93BF-F0A1A7F21C87}.RelWithDebInfo|Win32.ActiveCfg = RelWithDebInfo|Win32
	EndGlobalSection
	GlobalSection(ExtensibilityGlobals) = postSolution
	EndGlobalSection
	GlobalSection(ExtensibilityAddIns) = postSolution
	EndGlobalSection
EndGlobal
